PODS:
  - Kiwi (2.2)
  - UITextView+UIControl (0.1.0)

DEPENDENCIES:
  - Kiwi
  - UITextView+UIControl (from `../UITextView+UIControl.podspec`)

EXTERNAL SOURCES:
  UITextView+UIControl:
    :path: ../UITextView+UIControl.podspec

SPEC CHECKSUMS:
  Kiwi: db174bba4ee8068b15d7122f1b22fb64b7c1d378
  UITextView+UIControl: 01a3c5f4dc1f3d9167f6753f35abc7413d432f54

COCOAPODS: 0.22.1
