PODS:
  - Kiwi (2.2)
  - UITextView+UIControl (0.1)

DEPENDENCIES:
  - Kiwi
  - UITextView+UIControl (from `../UITextView+UIControl.podspec`)

EXTERNAL SOURCES:
  UITextView+UIControl:
    :path: ../UITextView+UIControl.podspec

SPEC CHECKSUMS:
  Kiwi: db174bba4ee8068b15d7122f1b22fb64b7c1d378
  UITextView+UIControl: b45e3c5d7e4382b694aaf393c5ac72d1f5bae747

COCOAPODS: 0.22.1
